schema: '2.0'
stages:
  data_ingestion:
    cmd: python src/data_injection.py
    deps:
    - path: src/data_injection.py
      hash: md5
      md5: 939c5b6c8f86000b865a3da9ead55823
      size: 3541
    params:
      params.yaml:
        data_ingestion.test_size: 0.3
    outs:
    - path: data/raw
      hash: md5
      md5: 6c14fc5d4581715d0c084959eeff4b01.dir
      size: 479272
      nfiles: 2
  data_preprocessing:
    cmd: python src/data_preprocessing.py
    deps:
    - path: data/raw
      hash: md5
      md5: 6c14fc5d4581715d0c084959eeff4b01.dir
      size: 479272
      nfiles: 2
    - path: src/data_preprocessing.py
      hash: md5
      md5: c12b17c9050ce71313ef5661ada73a0e
      size: 3877
    outs:
    - path: data/interim
      hash: md5
      md5: 91d80631b72bc88148c9f0c49789af70.dir
      size: 257220
      nfiles: 2
  feature_engineering:
    cmd: python src/feature_engineering.py
    deps:
    - path: data/interim
      hash: md5
      md5: 91d80631b72bc88148c9f0c49789af70.dir
      size: 257220
      nfiles: 2
    - path: src/feature_engineering.py
      hash: md5
      md5: 55c838f8b9b24bdf96f0bf4a576fbf73
      size: 3798
    params:
      params.yaml:
        feature_engineering.max_features: 25
    outs:
    - path: data/processed
      hash: md5
      md5: b946c4c569a34578b4ea342b25bdfa6f.dir
      size: 600587
      nfiles: 2
  model_building:
    cmd: python src/model_building.py
    deps:
    - path: data/processed
      hash: md5
      md5: b946c4c569a34578b4ea342b25bdfa6f.dir
      size: 600587
      nfiles: 2
    - path: src/model_building.py
      hash: md5
      md5: 7829bd75bd6c5977a2914179502bdc04
      size: 4355
    params:
      params.yaml:
        model_building.n_estimators: 15
        model_building.random_state: 2
    outs:
    - path: models/model.pkl
      hash: md5
      md5: c6be3bfcd2d0ce7bf15a36afd920218b
      size: 341362
  model_evaluation:
    cmd: python src/model_evaluation.py
    deps:
    - path: models/model.pkl
      hash: md5
      md5: c6be3bfcd2d0ce7bf15a36afd920218b
      size: 341362
    - path: src/model_evaluation.py
      hash: md5
      md5: dc0504519f7961943b0a163615e8fd41
      size: 4553
    outs:
    - path: reports/metrics.json
      hash: md5
      md5: 8e45e78d7d33f3930a64d3e8231d2005
      size: 140
